// !$*UTF8*$!
{
	archiveVersion = 1;
	classes = {
	};
	objectVersion = 50;
	objects = {

/* Begin PBXBuildFile section */
		E4FBF85B25FC3C2800C0A213 /* AppDelegate.swift in Sources */ = {isa = PBXBuildFile; fileRef = E4FBF85A25FC3C2800C0A213 /* AppDelegate.swift */; };
		E4FBF85D25FC3C2800C0A213 /* SceneDelegate.swift in Sources */ = {isa = PBXBuildFile; fileRef = E4FBF85C25FC3C2800C0A213 /* SceneDelegate.swift */; };
		E4FBF85F25FC3C2800C0A213 /* ViewController.swift in Sources */ = {isa = PBXBuildFile; fileRef = E4FBF85E25FC3C2800C0A213 /* ViewController.swift */; };
		E4FBF86225FC3C2800C0A213 /* Main.storyboard in Resources */ = {isa = PBXBuildFile; fileRef = E4FBF86025FC3C2800C0A213 /* Main.storyboard */; };
		E4FBF86425FC3C2C00C0A213 /* Assets.xcassets in Resources */ = {isa = PBXBuildFile; fileRef = E4FBF86325FC3C2C00C0A213 /* Assets.xcassets */; };
		E4FBF86725FC3C2C00C0A213 /* LaunchScreen.storyboard in Resources */ = {isa = PBXBuildFile; fileRef = E4FBF86525FC3C2C00C0A213 /* LaunchScreen.storyboard */; };
		E4FBF87225FC3C2D00C0A213 /* i_am_poorTests.swift in Sources */ = {isa = PBXBuildFile; fileRef = E4FBF87125FC3C2D00C0A213 /* i_am_poorTests.swift */; };
		E4FBF87D25FC3C2D00C0A213 /* i_am_poorUITests.swift in Sources */ = {isa = PBXBuildFile; fileRef = E4FBF87C25FC3C2D00C0A213 /* i_am_poorUITests.swift */; };
/* End PBXBuildFile section */

/* Begin PBXContainerItemProxy section */
		E4FBF86E25FC3C2D00C0A213 /* PBXContainerItemProxy */ = {
			isa = PBXContainerItemProxy;
			containerPortal = E4FBF84F25FC3C2800C0A213 /* Project object */;
			proxyType = 1;
			remoteGlobalIDString = E4FBF85625FC3C2800C0A213;
			remoteInfo = "i am poor";
		};
		E4FBF87925FC3C2D00C0A213 /* PBXContainerItemProxy */ = {
			isa = PBXContainerItemProxy;
			containerPortal = E4FBF84F25FC3C2800C0A213 /* Project object */;
			proxyType = 1;
			remoteGlobalIDString = E4FBF85625FC3C2800C0A213;
			remoteInfo = "i am poor";
		};
/* End PBXContainerItemProxy section */

/* Begin PBXFileReference section */
		E4FBF85725FC3C2800C0A213 /* i am poor.app */ = {isa = PBXFileReference; explicitFileType = wrapper.application; includeInIndex = 0; path = "i am poor.app"; sourceTree = BUILT_PRODUCTS_DIR; };
		E4FBF85A25FC3C2800C0A213 /* AppDelegate.swift */ = {isa = PBXFileReference; lastKnownFileType = sourcecode.swift; path = AppDelegate.swift; sourceTree = "<group>"; };
		E4FBF85C25FC3C2800C0A213 /* SceneDelegate.swift */ = {isa = PBXFileReference; lastKnownFileType = sourcecode.swift; path = SceneDelegate.swift; sourceTree = "<group>"; };
		E4FBF85E25FC3C2800C0A213 /* ViewController.swift */ = {isa = PBXFileReference; lastKnownFileType = sourcecode.swift; path = ViewController.swift; sourceTree = "<group>"; };
		E4FBF86125FC3C2800C0A213 /* Base */ = {isa = PBXFileReference; lastKnownFileType = file.storyboard; name = Base; path = Base.lproj/Main.storyboard; sourceTree = "<group>"; };
		E4FBF86325FC3C2C00C0A213 /* Assets.xcassets */ = {isa = PBXFileReference; lastKnownFileType = folder.assetcatalog; path = Assets.xcassets; sourceTree = "<group>"; };
		E4FBF86625FC3C2C00C0A213 /* Base */ = {isa = PBXFileReference; lastKnownFileType = file.storyboard; name = Base; path = Base.lproj/LaunchScreen.storyboard; sourceTree = "<group>"; };
		E4FBF86825FC3C2C00C0A213 /* Info.plist */ = {isa = PBXFileReference; lastKnownFileType = text.plist.xml; path = Info.plist; sourceTree = "<group>"; };
		E4FBF86D25FC3C2D00C0A213 /* i am poorTests.xctest */ = {isa = PBXFileReference; explicitFileType = wrapper.cfbundle; includeInIndex = 0; path = "i am poorTests.xctest"; sourceTree = BUILT_PRODUCTS_DIR; };
		E4FBF87125FC3C2D00C0A213 /* i_am_poorTests.swift */ = {isa = PBXFileReference; lastKnownFileType = sourcecode.swift; path = i_am_poorTests.swift; sourceTree = "<group>"; };
		E4FBF87325FC3C2D00C0A213 /* Info.plist */ = {isa = PBXFileReference; lastKnownFileType = text.plist.xml; path = Info.plist; sourceTree = "<group>"; };
		E4FBF87825FC3C2D00C0A213 /* i am poorUITests.xctest */ = {isa = PBXFileReference; explicitFileType = wrapper.cfbundle; includeInIndex = 0; path = "i am poorUITests.xctest"; sourceTree = BUILT_PRODUCTS_DIR; };
		E4FBF87C25FC3C2D00C0A213 /* i_am_poorUITests.swift */ = {isa = PBXFileReference; lastKnownFileType = sourcecode.swift; path = i_am_poorUITests.swift; sourceTree = "<group>"; };
		E4FBF87E25FC3C2D00C0A213 /* Info.plist */ = {isa = PBXFileReference; lastKnownFileType = text.plist.xml; path = Info.plist; sourceTree = "<group>"; };
/* End PBXFileReference section */

/* Begin PBXFrameworksBuildPhase section */
		E4FBF85425FC3C2800C0A213 /* Frameworks */ = {
			isa = PBXFrameworksBuildPhase;
			buildActionMask = 2147483647;
			files = (
			);
			runOnlyForDeploymentPostprocessing = 0;
		};
		E4FBF86A25FC3C2D00C0A213 /* Frameworks */ = {
			isa = PBXFrameworksBuildPhase;
			buildActionMask = 2147483647;
			files = (
			);
			runOnlyForDeploymentPostprocessing = 0;
		};
		E4FBF87525FC3C2D00C0A213 /* Frameworks */ = {
			isa = PBXFrameworksBuildPhase;
			buildActionMask = 2147483647;
			files = (
			);
			runOnlyForDeploymentPostprocessing = 0;
		};
/* End PBXFrameworksBuildPhase section */

/* Begin PBXGroup section */
		E4FBF84E25FC3C2800C0A213 = {
			isa = PBXGroup;
			children = (
				E4FBF85925FC3C2800C0A213 /* i am poor */,
				E4FBF87025FC3C2D00C0A213 /* i am poorTests */,
				E4FBF87B25FC3C2D00C0A213 /* i am poorUITests */,
				E4FBF85825FC3C2800C0A213 /* Products */,
			);
			sourceTree = "<group>";
		};
		E4FBF85825FC3C2800C0A213 /* Products */ = {
			isa = PBXGroup;
			children = (
				E4FBF85725FC3C2800C0A213 /* i am poor.app */,
				E4FBF86D25FC3C2D00C0A213 /* i am poorTests.xctest */,
				E4FBF87825FC3C2D00C0A213 /* i am poorUITests.xctest */,
			);
			name = Products;
			sourceTree = "<group>";
		};
		E4FBF85925FC3C2800C0A213 /* i am poor */ = {
			isa = PBXGroup;
			children = (
				E4FBF85A25FC3C2800C0A213 /* AppDelegate.swift */,
				E4FBF85C25FC3C2800C0A213 /* SceneDelegate.swift */,
				E4FBF85E25FC3C2800C0A213 /* ViewController.swift */,
				E4FBF86025FC3C2800C0A213 /* Main.storyboard */,
				E4FBF86325FC3C2C00C0A213 /* Assets.xcassets */,
				E4FBF86525FC3C2C00C0A213 /* LaunchScreen.storyboard */,
				E4FBF86825FC3C2C00C0A213 /* Info.plist */,
			);
			path = "i am poor";
			sourceTree = "<group>";
		};
		E4FBF87025FC3C2D00C0A213 /* i am poorTests */ = {
			isa = PBXGroup;
			children = (
				E4FBF87125FC3C2D00C0A213 /* i_am_poorTests.swift */,
				E4FBF87325FC3C2D00C0A213 /* Info.plist */,
			);
			path = "i am poorTests";
			sourceTree = "<group>";
		};
		E4FBF87B25FC3C2D00C0A213 /* i am poorUITests */ = {
			isa = PBXGroup;
			children = (
				E4FBF87C25FC3C2D00C0A213 /* i_am_poorUITests.swift */,
				E4FBF87E25FC3C2D00C0A213 /* Info.plist */,
			);
			path = "i am poorUITests";
			sourceTree = "<group>";
		};
/* End PBXGroup section */

/* Begin PBXNativeTarget section */
		E4FBF85625FC3C2800C0A213 /* i am poor */ = {
			isa = PBXNativeTarget;
			buildConfigurationList = E4FBF88125FC3C2D00C0A213 /* Build configuration list for PBXNativeTarget "i am poor" */;
			buildPhases = (
				E4FBF85325FC3C2800C0A213 /* Sources */,
				E4FBF85425FC3C2800C0A213 /* Frameworks */,
				E4FBF85525FC3C2800C0A213 /* Resources */,
			);
			buildRules = (
			);
			dependencies = (
			);
			name = "i am poor";
			productName = "i am poor";
			productReference = E4FBF85725FC3C2800C0A213 /* i am poor.app */;
			productType = "com.apple.product-type.application";
		};
		E4FBF86C25FC3C2D00C0A213 /* i am poorTests */ = {
			isa = PBXNativeTarget;
			buildConfigurationList = E4FBF88425FC3C2D00C0A213 /* Build configuration list for PBXNativeTarget "i am poorTests" */;
			buildPhases = (
				E4FBF86925FC3C2D00C0A213 /* Sources */,
				E4FBF86A25FC3C2D00C0A213 /* Frameworks */,
				E4FBF86B25FC3C2D00C0A213 /* Resources */,
			);
			buildRules = (
			);
			dependencies = (
				E4FBF86F25FC3C2D00C0A213 /* PBXTargetDependency */,
			);
			name = "i am poorTests";
			productName = "i am poorTests";
			productReference = E4FBF86D25FC3C2D00C0A213 /* i am poorTests.xctest */;
			productType = "com.apple.product-type.bundle.unit-test";
		};
		E4FBF87725FC3C2D00C0A213 /* i am poorUITests */ = {
			isa = PBXNativeTarget;
			buildConfigurationList = E4FBF88725FC3C2D00C0A213 /* Build configuration list for PBXNativeTarget "i am poorUITests" */;
			buildPhases = (
				E4FBF87425FC3C2D00C0A213 /* Sources */,
				E4FBF87525FC3C2D00C0A213 /* Frameworks */,
				E4FBF87625FC3C2D00C0A213 /* Resources */,
			);
			buildRules = (
			);
			dependencies = (
				E4FBF87A25FC3C2D00C0A213 /* PBXTargetDependency */,
			);
			name = "i am poorUITests";
			productName = "i am poorUITests";
			productReference = E4FBF87825FC3C2D00C0A213 /* i am poorUITests.xctest */;
			productType = "com.apple.product-type.bundle.ui-testing";
		};
/* End PBXNativeTarget section */

/* Begin PBXProject section */
		E4FBF84F25FC3C2800C0A213 /* Project object */ = {
			isa = PBXProject;
			attributes = {
				LastSwiftUpdateCheck = 1240;
				LastUpgradeCheck = 1240;
				TargetAttributes = {
					E4FBF85625FC3C2800C0A213 = {
						CreatedOnToolsVersion = 12.4;
					};
					E4FBF86C25FC3C2D00C0A213 = {
						CreatedOnToolsVersion = 12.4;
						TestTargetID = E4FBF85625FC3C2800C0A213;
					};
					E4FBF87725FC3C2D00C0A213 = {
						CreatedOnToolsVersion = 12.4;
						TestTargetID = E4FBF85625FC3C2800C0A213;
					};
				};
			};
			buildConfigurationList = E4FBF85225FC3C2800C0A213 /* Build configuration list for PBXProject "i am poor" */;
			compatibilityVersion = "Xcode 9.3";
			developmentRegion = en;
			hasScannedForEncodings = 0;
			knownRegions = (
				en,
				Base,
			);
			mainGroup = E4FBF84E25FC3C2800C0A213;
			productRefGroup = E4FBF85825FC3C2800C0A213 /* Products */;
			projectDirPath = "";
			projectRoot = "";
			targets = (
				E4FBF85625FC3C2800C0A213 /* i am poor */,
				E4FBF86C25FC3C2D00C0A213 /* i am poorTests */,
				E4FBF87725FC3C2D00C0A213 /* i am poorUITests */,
			);
		};
/* End PBXProject section */

/* Begin PBXResourcesBuildPhase section */
		E4FBF85525FC3C2800C0A213 /* Resources */ = {
			isa = PBXResourcesBuildPhase;
			buildActionMask = 2147483647;
			files = (
				E4FBF86725FC3C2C00C0A213 /* LaunchScreen.storyboard in Resources */,
				E4FBF86425FC3C2C00C0A213 /* Assets.xcassets in Resources */,
				E4FBF86225FC3C2800C0A213 /* Main.storyboard in Resources */,
			);
			runOnlyForDeploymentPostprocessing = 0;
		};
		E4FBF86B25FC3C2D00C0A213 /* Resources */ = {
			isa = PBXResourcesBuildPhase;
			buildActionMask = 2147483647;
			files = (
			);
			runOnlyForDeploymentPostprocessing = 0;
		};
		E4FBF87625FC3C2D00C0A213 /* Resources */ = {
			isa = PBXResourcesBuildPhase;
			buildActionMask = 2147483647;
			files = (
			);
			runOnlyForDeploymentPostprocessing = 0;
		};
/* End PBXResourcesBuildPhase section */

/* Begin PBXSourcesBuildPhase section */
		E4FBF85325FC3C2800C0A213 /* Sources */ = {
			isa = PBXSourcesBuildPhase;
			buildActionMask = 2147483647;
			files = (
				E4FBF85F25FC3C2800C0A213 /* ViewController.swift in Sources */,
				E4FBF85B25FC3C2800C0A213 /* AppDelegate.swift in Sources */,
				E4FBF85D25FC3C2800C0A213 /* SceneDelegate.swift in Sources */,
			);
			runOnlyForDeploymentPostprocessing = 0;
		};
		E4FBF86925FC3C2D00C0A213 /* Sources */ = {
			isa = PBXSourcesBuildPhase;
			buildActionMask = 2147483647;
			files = (
				E4FBF87225FC3C2D00C0A213 /* i_am_poorTests.swift in Sources */,
			);
			runOnlyForDeploymentPostprocessing = 0;
		};
		E4FBF87425FC3C2D00C0A213 /* Sources */ = {
			isa = PBXSourcesBuildPhase;
			buildActionMask = 2147483647;
			files = (
				E4FBF87D25FC3C2D00C0A213 /* i_am_poorUITests.swift in Sources */,
			);
			runOnlyForDeploymentPostprocessing = 0;
		};
/* End PBXSourcesBuildPhase section */

/* Begin PBXTargetDependency section */
		E4FBF86F25FC3C2D00C0A213 /* PBXTargetDependency */ = {
			isa = PBXTargetDependency;
			target = E4FBF85625FC3C2800C0A213 /* i am poor */;
			targetProxy = E4FBF86E25FC3C2D00C0A213 /* PBXContainerItemProxy */;
		};
		E4FBF87A25FC3C2D00C0A213 /* PBXTargetDependency */ = {
			isa = PBXTargetDependency;
			target = E4FBF85625FC3C2800C0A213 /* i am poor */;
			targetProxy = E4FBF87925FC3C2D00C0A213 /* PBXContainerItemProxy */;
		};
/* End PBXTargetDependency section */

/* Begin PBXVariantGroup section */
		E4FBF86025FC3C2800C0A213 /* Main.storyboard */ = {
			isa = PBXVariantGroup;
			children = (
				E4FBF86125FC3C2800C0A213 /* Base */,
			);
			name = Main.storyboard;
			sourceTree = "<group>";
		};
		E4FBF86525FC3C2C00C0A213 /* LaunchScreen.storyboard */ = {
			isa = PBXVariantGroup;
			children = (
				E4FBF86625FC3C2C00C0A213 /* Base */,
			);
			name = LaunchScreen.storyboard;
			sourceTree = "<group>";
		};
/* End PBXVariantGroup section */

/* Begin XCBuildConfiguration section */
		E4FBF87F25FC3C2D00C0A213 /* Debug */ = {
			isa = XCBuildConfiguration;
			buildSettings = {
				ALWAYS_SEARCH_USER_PATHS = NO;
				CLANG_ANALYZER_NONNULL = YES;
				CLANG_ANALYZER_NUMBER_OBJECT_CONVERSION = YES_AGGRESSIVE;
				CLANG_CXX_LANGUAGE_STANDARD = "gnu++14";
				CLANG_CXX_LIBRARY = "libc++";
				CLANG_ENABLE_MODULES = YES;
				CLANG_ENABLE_OBJC_ARC = YES;
				CLANG_ENABLE_OBJC_WEAK = YES;
				CLANG_WARN_BLOCK_CAPTURE_AUTORELEASING = YES;
				CLANG_WARN_BOOL_CONVERSION = YES;
				CLANG_WARN_COMMA = YES;
				CLANG_WARN_CONSTANT_CONVERSION = YES;
				CLANG_WARN_DEPRECATED_OBJC_IMPLEMENTATIONS = YES;
				CLANG_WARN_DIRECT_OBJC_ISA_USAGE = YES_ERROR;
				CLANG_WARN_DOCUMENTATION_COMMENTS = YES;
				CLANG_WARN_EMPTY_BODY = YES;
				CLANG_WARN_ENUM_CONVERSION = YES;
				CLANG_WARN_INFINITE_RECURSION = YES;
				CLANG_WARN_INT_CONVERSION = YES;
				CLANG_WARN_NON_LITERAL_NULL_CONVERSION = YES;
				CLANG_WARN_OBJC_IMPLICIT_RETAIN_SELF = YES;
				CLANG_WARN_OBJC_LITERAL_CONVERSION = YES;
				CLANG_WARN_OBJC_ROOT_CLASS = YES_ERROR;
				CLANG_WARN_QUOTED_INCLUDE_IN_FRAMEWORK_HEADER = YES;
				CLANG_WARN_RANGE_LOOP_ANALYSIS = YES;
				CLANG_WARN_STRICT_PROTOTYPES = YES;
				CLANG_WARN_SUSPICIOUS_MOVE = YES;
				CLANG_WARN_UNGUARDED_AVAILABILITY = YES_AGGRESSIVE;
				CLANG_WARN_UNREACHABLE_CODE = YES;
				CLANG_WARN__DUPLICATE_METHOD_MATCH = YES;
				COPY_PHASE_STRIP = NO;
				DEBUG_INFORMATION_FORMAT = dwarf;
				ENABLE_STRICT_OBJC_MSGSEND = YES;
				ENABLE_TESTABILITY = YES;
				GCC_C_LANGUAGE_STANDARD = gnu11;
				GCC_DYNAMIC_NO_PIC = NO;
				GCC_NO_COMMON_BLOCKS = YES;
				GCC_OPTIMIZATION_LEVEL = 0;
				GCC_PREPROCESSOR_DEFINITIONS = (
					"DEBUG=1",
					"$(inherited)",
				);
				GCC_WARN_64_TO_32_BIT_CONVERSION = YES;
				GCC_WARN_ABOUT_RETURN_TYPE = YES_ERROR;
				GCC_WARN_UNDECLARED_SELECTOR = YES;
				GCC_WARN_UNINITIALIZED_AUTOS = YES_AGGRESSIVE;
				GCC_WARN_UNUSED_FUNCTION = YES;
				GCC_WARN_UNUSED_VARIABLE = YES;
				IPHONEOS_DEPLOYMENT_TARGET = 14.4;
				MTL_ENABLE_DEBUG_INFO = INCLUDE_SOURCE;
				MTL_FAST_MATH = YES;
				ONLY_ACTIVE_ARCH = YES;
				SDKROOT = iphoneos;
				SWIFT_ACTIVE_COMPILATION_CONDITIONS = DEBUG;
				SWIFT_OPTIMIZATION_LEVEL = "-Onone";
			};
			name = Debug;
		};
		E4FBF88025FC3C2D00C0A213 /* Release */ = {
			isa = XCBuildConfiguration;
			buildSettings = {
				ALWAYS_SEARCH_USER_PATHS = NO;
				CLANG_ANALYZER_NONNULL = YES;
				CLANG_ANALYZER_NUMBER_OBJECT_CONVERSION = YES_AGGRESSIVE;
				CLANG_CXX_LANGUAGE_STANDARD = "gnu++14";
				CLANG_CXX_LIBRARY = "libc++";
				CLANG_ENABLE_MODULES = YES;
				CLANG_ENABLE_OBJC_ARC = YES;
				CLANG_ENABLE_OBJC_WEAK = YES;
				CLANG_WARN_BLOCK_CAPTURE_AUTORELEASING = YES;
				CLANG_WARN_BOOL_CONVERSION = YES;
				CLANG_WARN_COMMA = YES;
				CLANG_WARN_CONSTANT_CONVERSION = YES;
				CLANG_WARN_DEPRECATED_OBJC_IMPLEMENTATIONS = YES;
				CLANG_WARN_DIRECT_OBJC_ISA_USAGE = YES_ERROR;
				CLANG_WARN_DOCUMENTATION_COMMENTS = YES;
				CLANG_WARN_EMPTY_BODY = YES;
				CLANG_WARN_ENUM_CONVERSION = YES;
				CLANG_WARN_INFINITE_RECURSION = YES;
				CLANG_WARN_INT_CONVERSION = YES;
				CLANG_WARN_NON_LITERAL_NULL_CONVERSION = YES;
				CLANG_WARN_OBJC_IMPLICIT_RETAIN_SELF = YES;
				CLANG_WARN_OBJC_LITERAL_CONVERSION = YES;
				CLANG_WARN_OBJC_ROOT_CLASS = YES_ERROR;
				CLANG_WARN_QUOTED_INCLUDE_IN_FRAMEWORK_HEADER = YES;
				CLANG_WARN_RANGE_LOOP_ANALYSIS = YES;
				CLANG_WARN_STRICT_PROTOTYPES = YES;
				CLANG_WARN_SUSPICIOUS_MOVE = YES;
				CLANG_WARN_UNGUARDED_AVAILABILITY = YES_AGGRESSIVE;
				CLANG_WARN_UNREACHABLE_CODE = YES;
				CLANG_WARN__DUPLICATE_METHOD_MATCH = YES;
				COPY_PHASE_STRIP = NO;
				DEBUG_INFORMATION_FORMAT = "dwarf-with-dsym";
				ENABLE_NS_ASSERTIONS = NO;
				ENABLE_STRICT_OBJC_MSGSEND = YES;
				GCC_C_LANGUAGE_STANDARD = gnu11;
				GCC_NO_COMMON_BLOCKS = YES;
				GCC_WARN_64_TO_32_BIT_CONVERSION = YES;
				GCC_WARN_ABOUT_RETURN_TYPE = YES_ERROR;
				GCC_WARN_UNDECLARED_SELECTOR = YES;
				GCC_WARN_UNINITIALIZED_AUTOS = YES_AGGRESSIVE;
				GCC_WARN_UNUSED_FUNCTION = YES;
				GCC_WARN_UNUSED_VARIABLE = YES;
				IPHONEOS_DEPLOYMENT_TARGET = 14.4;
				MTL_ENABLE_DEBUG_INFO = NO;
				MTL_FAST_MATH = YES;
				SDKROOT = iphoneos;
				SWIFT_COMPILATION_MODE = wholemodule;
				SWIFT_OPTIMIZATION_LEVEL = "-O";
				VALIDATE_PRODUCT = YES;
			};
			name = Release;
		};
		E4FBF88225FC3C2D00C0A213 /* Debug */ = {
			isa = XCBuildConfiguration;
			buildSettings = {
				ASSETCATALOG_COMPILER_APPICON_NAME = AppIcon;
				ASSETCATALOG_COMPILER_GLOBAL_ACCENT_COLOR_NAME = AccentColor;
				CODE_SIGN_STYLE = Automatic;
				DEVELOPMENT_TEAM = GX9BLY63H4;
				INFOPLIST_FILE = "i am poor/Info.plist";
				LD_RUNPATH_SEARCH_PATHS = (
					"$(inherited)",
					"@executable_path/Frameworks",
				);
				PRODUCT_BUNDLE_IDENTIFIER = "com.pearlmalt.i-am-poor";
				PRODUCT_NAME = "$(TARGET_NAME)";
				SWIFT_VERSION = 5.0;
				TARGETED_DEVICE_FAMILY = "1,2";
			};
			name = Debug;
		};
		E4FBF88325FC3C2D00C0A213 /* Release */ = {
			isa = XCBuildConfiguration;
			buildSettings = {
				ASSETCATALOG_COMPILER_APPICON_NAME = AppIcon;
				ASSETCATALOG_COMPILER_GLOBAL_ACCENT_COLOR_NAME = AccentColor;
				CODE_SIGN_STYLE = Automatic;
				DEVELOPMENT_TEAM = GX9BLY63H4;
				INFOPLIST_FILE = "i am poor/Info.plist";
				LD_RUNPATH_SEARCH_PATHS = (
					"$(inherited)",
					"@executable_path/Frameworks",
				);
				PRODUCT_BUNDLE_IDENTIFIER = "com.pearlmalt.i-am-poor";
				PRODUCT_NAME = "$(TARGET_NAME)";
				SWIFT_VERSION = 5.0;
				TARGETED_DEVICE_FAMILY = "1,2";
			};
			name = Release;
		};
		E4FBF88525FC3C2D00C0A213 /* Debug */ = {
			isa = XCBuildConfiguration;
			buildSettings = {
				ALWAYS_EMBED_SWIFT_STANDARD_LIBRARIES = YES;
				BUNDLE_LOADER = "$(TEST_HOST)";
				CODE_SIGN_STYLE = Automatic;
				INFOPLIST_FILE = "i am poorTests/Info.plist";
				IPHONEOS_DEPLOYMENT_TARGET = 14.4;
				LD_RUNPATH_SEARCH_PATHS = (
					"$(inherited)",
					"@executable_path/Frameworks",
					"@loader_path/Frameworks",
				);
				PRODUCT_BUNDLE_IDENTIFIER = "com.pearlmalt.i-am-poorTests";
				PRODUCT_NAME = "$(TARGET_NAME)";
				SWIFT_VERSION = 5.0;
				TARGETED_DEVICE_FAMILY = "1,2";
				TEST_HOST = "$(BUILT_PRODUCTS_DIR)/i am poor.app/i am poor";
			};
			name = Debug;
		};
		E4FBF88625FC3C2D00C0A213 /* Release */ = {
			isa = XCBuildConfiguration;
			buildSettings = {
				ALWAYS_EMBED_SWIFT_STANDARD_LIBRARIES = YES;
				BUNDLE_LOADER = "$(TEST_HOST)";
				CODE_SIGN_STYLE = Automatic;
				INFOPLIST_FILE = "i am poorTests/Info.plist";
				IPHONEOS_DEPLOYMENT_TARGET = 14.4;
				LD_RUNPATH_SEARCH_PATHS = (
					"$(inherited)",
					"@executable_path/Frameworks",
					"@loader_path/Frameworks",
				);
				PRODUCT_BUNDLE_IDENTIFIER = "com.pearlmalt.i-am-poorTests";
				PRODUCT_NAME = "$(TARGET_NAME)";
				SWIFT_VERSION = 5.0;
				TARGETED_DEVICE_FAMILY = "1,2";
				TEST_HOST = "$(BUILT_PRODUCTS_DIR)/i am poor.app/i am poor";
			};
			name = Release;
		};
		E4FBF88825FC3C2D00C0A213 /* Debug */ = {
			isa = XCBuildConfiguration;
			buildSettings = {
				ALWAYS_EMBED_SWIFT_STANDARD_LIBRARIES = YES;
				CODE_SIGN_STYLE = Automatic;
				INFOPLIST_FILE = "i am poorUITests/Info.plist";
				LD_RUNPATH_SEARCH_PATHS = (
					"$(inherited)",
					"@executable_path/Frameworks",
					"@loader_path/Frameworks",
				);
				PRODUCT_BUNDLE_IDENTIFIER = "com.pearlmalt.i-am-poorUITests";
				PRODUCT_NAME = "$(TARGET_NAME)";
				SWIFT_VERSION = 5.0;
				TARGETED_DEVICE_FAMILY = "1,2";
				TEST_TARGET_NAME = "i am poor";
			};
			name = Debug;
		};
		E4FBF88925FC3C2D00C0A213 /* Release */ = {
			isa = XCBuildConfiguration;
			buildSettings = {
				ALWAYS_EMBED_SWIFT_STANDARD_LIBRARIES = YES;
				CODE_SIGN_STYLE = Automatic;
				INFOPLIST_FILE = "i am poorUITests/Info.plist";
				LD_RUNPATH_SEARCH_PATHS = (
					"$(inherited)",
					"@executable_path/Frameworks",
					"@loader_path/Frameworks",
				);
				PRODUCT_BUNDLE_IDENTIFIER = "com.pearlmalt.i-am-poorUITests";
				PRODUCT_NAME = "$(TARGET_NAME)";
				SWIFT_VERSION = 5.0;
				TARGETED_DEVICE_FAMILY = "1,2";
				TEST_TARGET_NAME = "i am poor";
			};
			name = Release;
		};
/* End XCBuildConfiguration section */

/* Begin XCConfigurationList section */
		E4FBF85225FC3C2800C0A213 /* Build configuration list for PBXProject "i am poor" */ = {
			isa = XCConfigurationList;
			buildConfigurations = (
				E4FBF87F25FC3C2D00C0A213 /* Debug */,
				E4FBF88025FC3C2D00C0A213 /* Release */,
			);
			defaultConfigurationIsVisible = 0;
			defaultConfigurationName = Release;
		};
		E4FBF88125FC3C2D00C0A213 /* Build configuration list for PBXNativeTarget "i am poor" */ = {
			isa = XCConfigurationList;
			buildConfigurations = (
				E4FBF88225FC3C2D00C0A213 /* Debug */,
				E4FBF88325FC3C2D00C0A213 /* Release */,
			);
			defaultConfigurationIsVisible = 0;
			defaultConfigurationName = Release;
		};
		E4FBF88425FC3C2D00C0A213 /* Build configuration list for PBXNativeTarget "i am poorTests" */ = {
			isa = XCConfigurationList;
			buildConfigurations = (
				E4FBF88525FC3C2D00C0A213 /* Debug */,
				E4FBF88625FC3C2D00C0A213 /* Release */,
			);
			defaultConfigurationIsVisible = 0;
			defaultConfigurationName = Release;
		};
		E4FBF88725FC3C2D00C0A213 /* Build configuration list for PBXNativeTarget "i am poorUITests" */ = {
			isa = XCConfigurationList;
			buildConfigurations = (
				E4FBF88825FC3C2D00C0A213 /* Debug */,
				E4FBF88925FC3C2D00C0A213 /* Release */,
			);
			defaultConfigurationIsVisible = 0;
			defaultConfigurationName = Release;
		};
/* End XCConfigurationList section */
	};
	rootObject = E4FBF84F25FC3C2800C0A213 /* Project object */;
}
